
Microsoft Visual Studio Solution File, Format Version 12.00
# Visual Studio Version 16
VisualStudioVersion = 16.0.29609.76
MinimumVisualStudioVersion = 10.0.40219.1
Project("{FAE04EC0-301F-11D3-BF4B-00C04F79EFBC}") = "AdbockHost", "AdbockHost\AdbockHost.csproj", "{CA3E749F-AA0D-473D-BBE8-EE911C8858CD}"
EndProject
Global
	GlobalSection(SolutionConfigurationPlatforms) = preSolution
		Debug|Any CPU = Debug|Any CPU
		Release|Any CPU = Release|Any CPU
	EndGlobalSection
	GlobalSection(ProjectConfigurationPlatforms) = postSolution
		{CA3E749F-AA0D-473D-BBE8-EE911C8858CD}.Debug|Any CPU.ActiveCfg = Debug|Any CPU
		{CA3E749F-AA0D-473D-BBE8-EE911C8858CD}.Debug|Any CPU.Build.0 = Debug|Any CPU
		{CA3E749F-AA0D-473D-BBE8-EE911C8858CD}.Release|Any CPU.ActiveCfg = Release|Any CPU
		{CA3E749F-AA0D-473D-BBE8-EE911C8858CD}.Release|Any CPU.Build.0 = Release|Any CPU
	EndGlobalSection
	GlobalSection(SolutionProperties) = preSolution
		HideSolutionNode = FALSE
	EndGlobalSection
	GlobalSection(ExtensibilityGlobals) = postSolution
		SolutionGuid = {E9EBDD87-084F-4632-9BA1-389EC189C8B5}
	EndGlobalSection
EndGlobal
